
Microsoft Visual Studio Solution File, Format Version 12.00
# Visual Studio 2012
Project("{FAE04EC0-301F-11D3-BF4B-00C04F79EFBC}") = "KettleController", "KettleController\KettleController.csproj", "{A1237DE9-865C-495B-8976-6987EC5EBDBF}"
EndProject
Project("{FAE04EC0-301F-11D3-BF4B-00C04F79EFBC}") = "UnitTestKettleController", "UnitTestKettleController\UnitTestKettleController.csproj", "{87C7ED60-8220-466A-8A6D-3C76C4DF52CF}"
EndProject
Global
	GlobalSection(SolutionConfigurationPlatforms) = preSolution
		Debug|Any CPU = Debug|Any CPU
		Release|Any CPU = Release|Any CPU
	EndGlobalSection
	GlobalSection(ProjectConfigurationPlatforms) = postSolution
		{A1237DE9-865C-495B-8976-6987EC5EBDBF}.Debug|Any CPU.ActiveCfg = Debug|Any CPU
		{A1237DE9-865C-495B-8976-6987EC5EBDBF}.Debug|Any CPU.Build.0 = Debug|Any CPU
		{A1237DE9-865C-495B-8976-6987EC5EBDBF}.Release|Any CPU.ActiveCfg = Release|Any CPU
		{A1237DE9-865C-495B-8976-6987EC5EBDBF}.Release|Any CPU.Build.0 = Release|Any CPU
		{87C7ED60-8220-466A-8A6D-3C76C4DF52CF}.Debug|Any CPU.ActiveCfg = Debug|Any CPU
		{87C7ED60-8220-466A-8A6D-3C76C4DF52CF}.Debug|Any CPU.Build.0 = Debug|Any CPU
		{87C7ED60-8220-466A-8A6D-3C76C4DF52CF}.Release|Any CPU.ActiveCfg = Release|Any CPU
		{87C7ED60-8220-466A-8A6D-3C76C4DF52CF}.Release|Any CPU.Build.0 = Release|Any CPU
	EndGlobalSection
	GlobalSection(SolutionProperties) = preSolution
		HideSolutionNode = FALSE
	EndGlobalSection
EndGlobal
